lockfileVersion: '9.0'

settings:
  autoInstallPeers: true
  excludeLinksFromLockfile: false

importers:

  .:
    dependencies:
      '@aws-sdk/client-bedrock-runtime':
        specifier: ^3.0.0
        version: 3.1110.0

packages:

  '@aws-sdk/client-bedrock-runtime@3.1110.0':
    resolution: {integrity: sha512-Pv0t4Sc1KHbYEUFSS9tCk48t/73gNGMKDr3mDju22SM4LM8DfkVXKnUtexqbGtDUujUVQOaAa3De/W0LJepG4g==}
    engines: {node: '>=20.0.0'}

  '@aws-sdk/core@3.977.7':
    resolution: {integrity: sha512-I88Iov89NVmjSmJLKSv7Cn9M2J+a2942OkA8nZCbz+sl4ZeY4zEOcoLOrbt1GRfQ8zEQKnjAJdXixA3J/p1fDQ==}
    engines: {node: '>=20.0.0'}

  '@aws-sdk/credential-provider-env@3.972.68':
    resolution: {integrity: sha512-2a20A/IdNOwUvaDq91iqqS7BA0XlNMfW3iLGZGZLJv0EbUqhSxB0PIx4rQQqssvWj1uXImb3/UCCdHz/+1dOiA==}
    engines: {node: '>=20.0.0'}

  '@aws-sdk/credential-provider-http@3.972.70':
    resolution: {integrity: sha512-0yRem2Fs52r/Nn6UAqIlpjexfaYj8ziEozOe9tamtAVT/5bzFLKx8O2r7MaRqgS3hGKHIa1Jij9nKHSsNnb04A==}
    engines: {node: '>=20.0.0'}

  '@aws-sdk/credential-provider-ini@3.973.13':
    resolution: {integrity: sha512-2M39DE02XpYYaSWYk/4AsImXYUU/1L2xmTMLUpMMWq7DfLv191/vCRy3baKtdr45AkJQyVgSjmuVOLm15SwrRQ==}
    engines: {node: '>=20.0.0'}

  '@aws-sdk/credential-provider-login@3.972.75':
    resolution: {integrity: sha512-jaTESuJlQsoUZ44f/i2puyPt8VlF/dMMJ9HM3cStYtk7eKX4N9UWi83OLixUkoOJH3BwWlPLCq9YIK9nfWhVBg==}
    engines: {node: '>=20.0.0'}

  '@aws-sdk/credential-provider-node@3.972.79':
    resolution: {integrity: sha512-RIw5dof1EHkWubrZzPC941CDtnFG1iAXsxbFgLkhdYZXHc4icU13c/uxSMI0J5eUx9bxa7LjfpdjfClBB1QsDA==}
    engines: {node: '>=20.0.0'}

  '@aws-sdk/credential-provider-process@3.972.68':
    resolution: {integrity: sha512-nLP3Pda2MQTFJ25hKBMmUuB9Uv+bTZQNlufbeCwklP549Vwnkd8bRLJoCKp5k6xjmdyptrPrOfGOhN0mKuca8A==}
    engines: {node: '>=20.0.0'}

  '@aws-sdk/credential-provider-sso@3.973.12':
    resolution: {integrity: sha512-EmgyyHn+f9WCcelp3L/vci+LGbX8GigWaVphRArjVo5Pktkr9YnLy/mQ6VDkDyBD72dtfRNTgHmD2ts4rTDXKQ==}
    engines: {node: '>=20.0.0'}

  '@aws-sdk/credential-provider-web-identity@3.972.74':
    resolution: {integrity: sha512-0YfczxGXF3RjGj8z7QG/Ho2HnLGKDHfPSHiTs47UU1U/+mmwISDN+rvGKt2zh+3FX8NdT4xd95LGBGyhQw2dgQ==}
    engines: {node: '>=20.0.0'}

  '@aws-sdk/eventstream-handler-node@3.972.32':
    resolution: {integrity: sha512-rlbmsMG7ZNgrVhWSqqXpq6y9hfiREyzCg3CNTk9UK+AoP7+65kOkqpWmqwLfV1UrRSHATdLnZF2rt9ZTUxYQJA==}
    engines: {node: '>=20.0.0'}

  '@aws-sdk/middleware-eventstream@3.972.27':
    resolution: {integrity: sha512-M7Ay1VpBpf/YFfic9kkjwE3wyCh4G0gEM4RypRXYm7aPjyfqi+D8FEYMR2E3IqbvN+qi2rEFYAiwWL0XHtQYdQ==}
    engines: {node: '>=20.0.0'}

  '@aws-sdk/middleware-websocket@3.972.50':
    resolution: {integrity: sha512-gdcWRbmIf1dWA/prf44Bnnzgqj+AbsXX2yfhZhOQLwSm7NfKIYPmkRlPqP0CTepHzjxMIBdWBDdtQB+Y/dFUeg==}
    engines: {node: '>= 14.0.0'}

  '@aws-sdk/nested-clients@3.997.42':
    resolution: {integrity: sha512-XWRyon2MTHXD/zMoo0Mbge6Vwf+iE0qQaM/RyGO6NfZ9WukCFiQL27nQVZjYy2JwSIg+iXZxKOX95OBXqlSM4w==}
    engines: {node: '>=20.0.0'}

  '@aws-sdk/signature-v4-multi-region@3.996.44':
    resolution: {integrity: sha512-ZSfQ35Qn4MhSY+A0Whyr+KBx+wJKZUyBsOrjB2pSHOafRzbFe47T8XcXM8hZqUAC69qnqIy0C9ArxTuud0CC2w==}
    engines: {node: '>=20.0.0'}

  '@aws-sdk/token-providers@3.1108.0':
    resolution: {integrity: sha512-rI80zxDxGJ6904eC/YbjkdjY6JdaZvQ01kOmrMvw7cFQGIHo27fhnIVbMSVDS4T6foQImjxYSRoOu/uSJscXDw==}
    engines: {node: '>=20.0.0'}

  '@aws-sdk/token-providers@3.1110.0':
    resolution: {integrity: sha512-QM6f+d90+azDh0zlLKc6ALWdbz3v+2MV0gLmZWqBiRrLud39yf/n/IpcSo0rXwl3/jlt0mhJqdA3tJsA/yYlew==}
    engines: {node: '>=20.0.0'}

  '@aws-sdk/types@3.974.3':
    resolution: {integrity: sha512-ECAqfpNsef+7MO8qtR0h9KcFIBAygaE7Cm6UOiQl+ft+uVap+1G7bNEjs4mdJE2OnA4m6k7i8peH8uGIAsOMGw==}
    engines: {node: '>=20.0.0'}

  '@aws-sdk/xml-builder@3.972.38':
    resolution: {integrity: sha512-grf7mzfVxBS5AlsuTvBN7uDpzqohFww9fRPCO+EBSUdvtsYMcPSKdz54h/7XiscqNcUM1Ae1MF7JLHmiYYuzbQ==}
    engines: {node: '>=20.0.0'}

  '@aws/lambda-invoke-store@0.3.0':
    resolution: {integrity: sha512-sl4Bm6yiMNYrZKkqqDFWN0UfnWhlS8ivKxrYl+6t0gCLrqr8y3B2IqZZbFRkfaVVp7C/baApyh71P+LeE1A2sQ==}
    engines: {node: '>=18.0.0'}

  '@smithy/core@3.33.0':
    resolution: {integrity: sha512-uKbkxgqLyepQDZoq8aRSdUqD1ID//rOqG96ixBhp++O7vBtmwYM6fwldGhr9HJP0iYrdc7GP/AlgzPWEZIrNRg==}
    engines: {node: '>=18.0.0'}

  '@smithy/credential-provider-imds@4.5.0':
    resolution: {integrity: sha512-2jsPi+7Zv2hSzD9IXR9D7DTqSn7mv4XalzRm+bESh53jiaUS3NKEUbpQFTJP0HhQy9qzZvluxQ3yS24zdRrqsA==}
    engines: {node: '>=18.0.0'}

  '@smithy/fetch-http-handler@5.7.0':
    resolution: {integrity: sha512-W/exA8T0LEzCQtJ02w4IzaEQPIspgarqZprb7W8FwnYiDowgCrjl2fTQ6FvuSSUnJORuepBF81abmBJwqh+0XQ==}
    engines: {node: '>=18.0.0'}

  '@smithy/node-http-handler@4.11.0':
    resolution: {integrity: sha512-ssHIZsadPUA3lGdnoByxfnjtb9xPYQLvdfJRLKIwxOoa6tO1suG4sLFSsgd7D/CsvYd8QbBIuKTImuJha5l6aQ==}
    engines: {node: '>=18.0.0'}

  '@smithy/signature-v4@5.7.0':
    resolution: {integrity: sha512-hCynhm22wMJ8wTF9crcwu8mxggtUrSLLJgDcGUvYFBqpofxycYJCGKOMYg4xtPPFtgNiDJSYmhsWLTrcU/g59Q==}
    engines: {node: '>=18.0.0'}

  '@smithy/types@4.17.0':
    resolution: {integrity: sha512-Aw4joiM0ZdErpo39lCj8phT2lxoiKZV+KZzBxnnQhWVtU2Is/WffQSL04uUWRcXUse9Ln8vXZK6V/FwqRVnQpg==}
    engines: {node: '>=18.0.0'}

  bowser@2.14.1:
    resolution: {integrity: sha512-tzPjzCxygAKWFOJP011oxFHs57HzIhOEracIgAePE4pqB3LikALKnSzUyU4MGs9/iCEUuHlAJTjTc5M+u7YEGg==}

  tslib@2.8.1:
    resolution: {integrity: sha512-oJFu94HQb+KVduSUQL7wnpmqnfmLsOA/nAh6b6EH0wCEoK0/mPeXU6c3wKDV83MkOuHPRHtSXKKU99IBazS/2w==}

snapshots:

  '@aws-sdk/client-bedrock-runtime@3.1110.0':
    dependencies:
      '@aws-sdk/core': 3.977.7
      '@aws-sdk/credential-provider-node': 3.972.79
      '@aws-sdk/eventstream-handler-node': 3.972.32
      '@aws-sdk/middleware-eventstream': 3.972.27
      '@aws-sdk/middleware-websocket': 3.972.50
      '@aws-sdk/token-providers': 3.1110.0
      '@aws-sdk/types': 3.974.3
      '@smithy/core': 3.33.0
      '@smithy/fetch-http-handler': 5.7.0
      '@smithy/node-http-handler': 4.11.0
      '@smithy/types': 4.17.0
      tslib: 2.8.1

  '@aws-sdk/core@3.977.7':
    dependencies:
      '@aws-sdk/types': 3.974.3
      '@aws-sdk/xml-builder': 3.972.38
      '@aws/lambda-invoke-store': 0.3.0
      '@smithy/core': 3.33.0
      '@smithy/signature-v4': 5.7.0
      '@smithy/types': 4.17.0
      bowser: 2.14.1
      tslib: 2.8.1

  '@aws-sdk/credential-provider-env@3.972.68':
    dependencies:
      '@aws-sdk/core': 3.977.7
      '@aws-sdk/types': 3.974.3
      '@smithy/core': 3.33.0
      '@smithy/types': 4.17.0
      tslib: 2.8.1

  '@aws-sdk/credential-provider-http@3.972.70':
    dependencies:
      '@aws-sdk/core': 3.977.7
      '@aws-sdk/types': 3.974.3
      '@smithy/core': 3.33.0
      '@smithy/fetch-http-handler': 5.7.0
      '@smithy/node-http-handler': 4.11.0
      '@smithy/types': 4.17.0
      tslib: 2.8.1

  '@aws-sdk/credential-provider-ini@3.973.13':
    dependencies:
      '@aws-sdk/core': 3.977.7
      '@aws-sdk/credential-provider-env': 3.972.68
      '@aws-sdk/credential-provider-http': 3.972.70
      '@aws-sdk/credential-provider-login': 3.972.75
      '@aws-sdk/credential-provider-process': 3.972.68
      '@aws-sdk/credential-provider-sso': 3.973.12
      '@aws-sdk/credential-provider-web-identity': 3.972.74
      '@aws-sdk/nested-clients': 3.997.42
      '@aws-sdk/types': 3.974.3
      '@smithy/core': 3.33.0
      '@smithy/credential-provider-imds': 4.5.0
      '@smithy/types': 4.17.0
      tslib: 2.8.1

  '@aws-sdk/credential-provider-login@3.972.75':
    dependencies:
      '@aws-sdk/core': 3.977.7
      '@aws-sdk/nested-clients': 3.997.42
      '@aws-sdk/types': 3.974.3
      '@smithy/core': 3.33.0
      '@smithy/types': 4.17.0
      tslib: 2.8.1

  '@aws-sdk/credential-provider-node@3.972.79':
    dependencies:
      '@aws-sdk/credential-provider-env': 3.972.68
      '@aws-sdk/credential-provider-http': 3.972.70
      '@aws-sdk/credential-provider-ini': 3.973.13
      '@aws-sdk/credential-provider-process': 3.972.68
      '@aws-sdk/credential-provider-sso': 3.973.12
      '@aws-sdk/credential-provider-web-identity': 3.972.74
      '@aws-sdk/types': 3.974.3
      '@smithy/core': 3.33.0
      '@smithy/credential-provider-imds': 4.5.0
      '@smithy/types': 4.17.0
      tslib: 2.8.1

  '@aws-sdk/credential-provider-process@3.972.68':
    dependencies:
      '@aws-sdk/core': 3.977.7
      '@aws-sdk/types': 3.974.3
      '@smithy/core': 3.33.0
      '@smithy/types': 4.17.0
      tslib: 2.8.1

  '@aws-sdk/credential-provider-sso@3.973.12':
    dependencies:
      '@aws-sdk/core': 3.977.7
      '@aws-sdk/nested-clients': 3.997.42
      '@aws-sdk/token-providers': 3.1108.0
      '@aws-sdk/types': 3.974.3
      '@smithy/core': 3.33.0
      '@smithy/types': 4.17.0
      tslib: 2.8.1

  '@aws-sdk/credential-provider-web-identity@3.972.74':
    dependencies:
      '@aws-sdk/core': 3.977.7
      '@aws-sdk/nested-clients': 3.997.42
      '@aws-sdk/types': 3.974.3
      '@smithy/core': 3.33.0
      '@smithy/types': 4.17.0
      tslib: 2.8.1

  '@aws-sdk/eventstream-handler-node@3.972.32':
    dependencies:
      '@aws-sdk/types': 3.974.3
      '@smithy/core': 3.33.0
      '@smithy/types': 4.17.0
      tslib: 2.8.1

  '@aws-sdk/middleware-eventstream@3.972.27':
    dependencies:
      '@aws-sdk/types': 3.974.3
      '@smithy/core': 3.33.0
      '@smithy/types': 4.17.0
      tslib: 2.8.1

  '@aws-sdk/middleware-websocket@3.972.50':
    dependencies:
      '@aws-sdk/core': 3.977.7
      '@aws-sdk/types': 3.974.3
      '@smithy/core': 3.33.0
      '@smithy/fetch-http-handler': 5.7.0
      '@smithy/signature-v4': 5.7.0
      '@smithy/types': 4.17.0
      tslib: 2.8.1

  '@aws-sdk/nested-clients@3.997.42':
    dependencies:
      '@aws-sdk/core': 3.977.7
      '@aws-sdk/signature-v4-multi-region': 3.996.44
      '@aws-sdk/types': 3.974.3
      '@smithy/core': 3.33.0
      '@smithy/fetch-http-handler': 5.7.0
      '@smithy/node-http-handler': 4.11.0
      '@smithy/types': 4.17.0
      tslib: 2.8.1

  '@aws-sdk/signature-v4-multi-region@3.996.44':
    dependencies:
      '@aws-sdk/types': 3.974.3
      '@smithy/signature-v4': 5.7.0
      '@smithy/types': 4.17.0
      tslib: 2.8.1

  '@aws-sdk/token-providers@3.1108.0':
    dependencies:
      '@aws-sdk/core': 3.977.7
      '@aws-sdk/nested-clients': 3.997.42
      '@aws-sdk/types': 3.974.3
      '@smithy/core': 3.33.0
      '@smithy/types': 4.17.0
      tslib: 2.8.1

  '@aws-sdk/token-providers@3.1110.0':
    dependencies:
      '@aws-sdk/core': 3.977.7
      '@aws-sdk/nested-clients': 3.997.42
      '@aws-sdk/types': 3.974.3
      '@smithy/core': 3.33.0
      '@smithy/types': 4.17.0
      tslib: 2.8.1

  '@aws-sdk/types@3.974.3':
    dependencies:
      '@smithy/types': 4.17.0
      tslib: 2.8.1

  '@aws-sdk/xml-builder@3.972.38':
    dependencies:
      '@smithy/types': 4.17.0
      tslib: 2.8.1

  '@aws/lambda-invoke-store@0.3.0': {}

  '@smithy/core@3.33.0':
    dependencies:
      '@smithy/types': 4.17.0
      tslib: 2.8.1

  '@smithy/credential-provider-imds@4.5.0':
    dependencies:
      '@smithy/core': 3.33.0
      '@smithy/types': 4.17.0
      tslib: 2.8.1

  '@smithy/fetch-http-handler@5.7.0':
    dependencies:
      '@smithy/core': 3.33.0
      '@smithy/types': 4.17.0
      tslib: 2.8.1

  '@smithy/node-http-handler@4.11.0':
    dependencies:
      '@smithy/core': 3.33.0
      '@smithy/types': 4.17.0
      tslib: 2.8.1

  '@smithy/signature-v4@5.7.0':
    dependencies:
      '@smithy/core': 3.33.0
      '@smithy/types': 4.17.0
      tslib: 2.8.1

  '@smithy/types@4.17.0':
    dependencies:
      tslib: 2.8.1

  bowser@2.14.1: {}

  tslib@2.8.1: {}
